
Microsoft Visual Studio Solution File, Format Version 12.00
# Visual Studio Version 16
VisualStudioVersion = 16.0.30011.22
MinimumVisualStudioVersion = 10.0.40219.1
Project("{9A19103F-16F7-4668-BE54-9A1E7A4F7556}") = "TestCareDemo", "TestCareDemo\TestCareDemo.csproj", "{2B97F827-B6A1-48D0-B53F-80B29469FE38}"
EndProject
Project("{9A19103F-16F7-4668-BE54-9A1E7A4F7556}") = "caredemo", "caredemo\caredemo.csproj", "{6B0B4AAB-61D4-4555-852F-F984923475CD}"
EndProject
Global
	GlobalSection(SolutionConfigurationPlatforms) = preSolution
		Debug|Any CPU = Debug|Any CPU
		Release|Any CPU = Release|Any CPU
	EndGlobalSection
	GlobalSection(ProjectConfigurationPlatforms) = postSolution
		{2B97F827-B6A1-48D0-B53F-80B29469FE38}.Debug|Any CPU.ActiveCfg = Debug|Any CPU
		{2B97F827-B6A1-48D0-B53F-80B29469FE38}.Debug|Any CPU.Build.0 = Debug|Any CPU
		{2B97F827-B6A1-48D0-B53F-80B29469FE38}.Release|Any CPU.ActiveCfg = Release|Any CPU
		{2B97F827-B6A1-48D0-B53F-80B29469FE38}.Release|Any CPU.Build.0 = Release|Any CPU
		{6B0B4AAB-61D4-4555-852F-F984923475CD}.Debug|Any CPU.ActiveCfg = Debug|Any CPU
		{6B0B4AAB-61D4-4555-852F-F984923475CD}.Debug|Any CPU.Build.0 = Debug|Any CPU
		{6B0B4AAB-61D4-4555-852F-F984923475CD}.Release|Any CPU.ActiveCfg = Release|Any CPU
		{6B0B4AAB-61D4-4555-852F-F984923475CD}.Release|Any CPU.Build.0 = Release|Any CPU
	EndGlobalSection
	GlobalSection(SolutionProperties) = preSolution
		HideSolutionNode = FALSE
	EndGlobalSection
	GlobalSection(ExtensibilityGlobals) = postSolution
		SolutionGuid = {0F993996-863E-4140-AFA7-6A6E6B09E117}
	EndGlobalSection
EndGlobal
